// !$*UTF8*$!
{
	archiveVersion = 1;
	classes = {
	};
	objectVersion = 48;
	objects = {

/* Begin PBXBuildFile section */
		7818600F1FDE963800429ECC /* AppDelegate.swift in Sources */ = {isa = PBXBuildFile; fileRef = 7818600E1FDE963800429ECC /* AppDelegate.swift */; };
		781860111FDE963800429ECC /* CameraVC.swift in Sources */ = {isa = PBXBuildFile; fileRef = 781860101FDE963800429ECC /* CameraVC.swift */; };
		781860141FDE963800429ECC /* Main.storyboard in Resources */ = {isa = PBXBuildFile; fileRef = 781860121FDE963800429ECC /* Main.storyboard */; };
		781860161FDE963800429ECC /* Assets.xcassets in Resources */ = {isa = PBXBuildFile; fileRef = 781860151FDE963800429ECC /* Assets.xcassets */; };
		781860191FDE963800429ECC /* LaunchScreen.storyboard in Resources */ = {isa = PBXBuildFile; fileRef = 781860171FDE963800429ECC /* LaunchScreen.storyboard */; };
		781860241FDE9A6600429ECC /* RoundedShadowView.swift in Sources */ = {isa = PBXBuildFile; fileRef = 781860231FDE9A6600429ECC /* RoundedShadowView.swift */; };
		781860261FDE9C1100429ECC /* RoundedShadowButton.swift in Sources */ = {isa = PBXBuildFile; fileRef = 781860251FDE9C1100429ECC /* RoundedShadowButton.swift */; };
		781860281FDE9C6100429ECC /* RoundedShadowImageView.swift in Sources */ = {isa = PBXBuildFile; fileRef = 781860271FDE9C6100429ECC /* RoundedShadowImageView.swift */; };
		789116001FE3EEFA001E8C83 /* SqueezeNet.mlmodel in Sources */ = {isa = PBXBuildFile; fileRef = 789115FF1FE3EEF9001E8C83 /* SqueezeNet.mlmodel */; };
/* End PBXBuildFile section */

/* Begin PBXFileReference section */
		7818600B1FDE963800429ECC /* vision-app.app */ = {isa = PBXFileReference; explicitFileType = wrapper.application; includeInIndex = 0; path = "vision-app.app"; sourceTree = BUILT_PRODUCTS_DIR; };
		7818600E1FDE963800429ECC /* AppDelegate.swift */ = {isa = PBXFileReference; lastKnownFileType = sourcecode.swift; path = AppDelegate.swift; sourceTree = "<group>"; };
		781860101FDE963800429ECC /* CameraVC.swift */ = {isa = PBXFileReference; lastKnownFileType = sourcecode.swift; path = CameraVC.swift; sourceTree = "<group>"; };
		781860131FDE963800429ECC /* Base */ = {isa = PBXFileReference; lastKnownFileType = file.storyboard; name = Base; path = Base.lproj/Main.storyboard; sourceTree = "<group>"; };
		781860151FDE963800429ECC /* Assets.xcassets */ = {isa = PBXFileReference; lastKnownFileType = folder.assetcatalog; path = Assets.xcassets; sourceTree = "<group>"; };
		781860181FDE963800429ECC /* Base */ = {isa = PBXFileReference; lastKnownFileType = file.storyboard; name = Base; path = Base.lproj/LaunchScreen.storyboard; sourceTree = "<group>"; };
		7818601A1FDE963800429ECC /* Info.plist */ = {isa = PBXFileReference; lastKnownFileType = text.plist.xml; path = Info.plist; sourceTree = "<group>"; };
		781860231FDE9A6600429ECC /* RoundedShadowView.swift */ = {isa = PBXFileReference; lastKnownFileType = sourcecode.swift; path = RoundedShadowView.swift; sourceTree = SOURCE_ROOT; };
		781860251FDE9C1100429ECC /* RoundedShadowButton.swift */ = {isa = PBXFileReference; lastKnownFileType = sourcecode.swift; path = RoundedShadowButton.swift; sourceTree = "<group>"; };
		781860271FDE9C6100429ECC /* RoundedShadowImageView.swift */ = {isa = PBXFileReference; lastKnownFileType = sourcecode.swift; path = RoundedShadowImageView.swift; sourceTree = "<group>"; };
		789115FF1FE3EEF9001E8C83 /* SqueezeNet.mlmodel */ = {isa = PBXFileReference; lastKnownFileType = file.mlmodel; path = SqueezeNet.mlmodel; sourceTree = "<group>"; };
/* End PBXFileReference section */

/* Begin PBXFrameworksBuildPhase section */
		781860081FDE963800429ECC /* Frameworks */ = {
			isa = PBXFrameworksBuildPhase;
			buildActionMask = 2147483647;
			files = (
			);
			runOnlyForDeploymentPostprocessing = 0;
		};
/* End PBXFrameworksBuildPhase section */

/* Begin PBXGroup section */
		781860021FDE963800429ECC = {
			isa = PBXGroup;
			children = (
				7818600D1FDE963800429ECC /* vision-app */,
				7818600C1FDE963800429ECC /* Products */,
			);
			sourceTree = "<group>";
		};
		7818600C1FDE963800429ECC /* Products */ = {
			isa = PBXGroup;
			children = (
				7818600B1FDE963800429ECC /* vision-app.app */,
			);
			name = Products;
			sourceTree = "<group>";
		};
		7818600D1FDE963800429ECC /* vision-app */ = {
			isa = PBXGroup;
			children = (
				781860221FDE96A500429ECC /* Resources */,
				781860211FDE969E00429ECC /* View */,
				781860201FDE969700429ECC /* Controller */,
				7818600E1FDE963800429ECC /* AppDelegate.swift */,
				781860121FDE963800429ECC /* Main.storyboard */,
				781860151FDE963800429ECC /* Assets.xcassets */,
				781860171FDE963800429ECC /* LaunchScreen.storyboard */,
				7818601A1FDE963800429ECC /* Info.plist */,
			);
			path = "vision-app";
			sourceTree = "<group>";
		};
		781860201FDE969700429ECC /* Controller */ = {
			isa = PBXGroup;
			children = (
				781860101FDE963800429ECC /* CameraVC.swift */,
			);
			path = Controller;
			sourceTree = "<group>";
		};
		781860211FDE969E00429ECC /* View */ = {
			isa = PBXGroup;
			children = (
				781860231FDE9A6600429ECC /* RoundedShadowView.swift */,
				781860251FDE9C1100429ECC /* RoundedShadowButton.swift */,
				781860271FDE9C6100429ECC /* RoundedShadowImageView.swift */,
			);
			path = View;
			sourceTree = "<group>";
		};
		781860221FDE96A500429ECC /* Resources */ = {
			isa = PBXGroup;
			children = (
				789115FF1FE3EEF9001E8C83 /* SqueezeNet.mlmodel */,
			);
			path = Resources;
			sourceTree = "<group>";
		};
/* End PBXGroup section */

/* Begin PBXNativeTarget section */
		7818600A1FDE963800429ECC /* vision-app */ = {
			isa = PBXNativeTarget;
			buildConfigurationList = 7818601D1FDE963800429ECC /* Build configuration list for PBXNativeTarget "vision-app" */;
			buildPhases = (
				781860071FDE963800429ECC /* Sources */,
				781860081FDE963800429ECC /* Frameworks */,
				781860091FDE963800429ECC /* Resources */,
			);
			buildRules = (
			);
			dependencies = (
			);
			name = "vision-app";
			productName = "vision-app";
			productReference = 7818600B1FDE963800429ECC /* vision-app.app */;
			productType = "com.apple.product-type.application";
		};
/* End PBXNativeTarget section */

/* Begin PBXProject section */
		781860031FDE963800429ECC /* Project object */ = {
			isa = PBXProject;
			attributes = {
				LastSwiftUpdateCheck = 0920;
				LastUpgradeCheck = 0920;
				ORGANIZATIONNAME = "Karina Katrich";
				TargetAttributes = {
					7818600A1FDE963800429ECC = {
						CreatedOnToolsVersion = 9.2;
						ProvisioningStyle = Automatic;
					};
				};
			};
			buildConfigurationList = 781860061FDE963800429ECC /* Build configuration list for PBXProject "vision-app" */;
			compatibilityVersion = "Xcode 8.0";
			developmentRegion = en;
			hasScannedForEncodings = 0;
			knownRegions = (
				en,
				Base,
			);
			mainGroup = 781860021FDE963800429ECC;
			productRefGroup = 7818600C1FDE963800429ECC /* Products */;
			projectDirPath = "";
			projectRoot = "";
			targets = (
				7818600A1FDE963800429ECC /* vision-app */,
			);
		};
/* End PBXProject section */

/* Begin PBXResourcesBuildPhase section */
		781860091FDE963800429ECC /* Resources */ = {
			isa = PBXResourcesBuildPhase;
			buildActionMask = 2147483647;
			files = (
				781860191FDE963800429ECC /* LaunchScreen.storyboard in Resources */,
				781860161FDE963800429ECC /* Assets.xcassets in Resources */,
				781860141FDE963800429ECC /* Main.storyboard in Resources */,
			);
			runOnlyForDeploymentPostprocessing = 0;
		};
/* End PBXResourcesBuildPhase section */

/* Begin PBXSourcesBuildPhase section */
		781860071FDE963800429ECC /* Sources */ = {
			isa = PBXSourcesBuildPhase;
			buildActionMask = 2147483647;
			files = (
				781860111FDE963800429ECC /* CameraVC.swift in Sources */,
				789116001FE3EEFA001E8C83 /* SqueezeNet.mlmodel in Sources */,
				7818600F1FDE963800429ECC /* AppDelegate.swift in Sources */,
				781860241FDE9A6600429ECC /* RoundedShadowView.swift in Sources */,
				781860261FDE9C1100429ECC /* RoundedShadowButton.swift in Sources */,
				781860281FDE9C6100429ECC /* RoundedShadowImageView.swift in Sources */,
			);
			runOnlyForDeploymentPostprocessing = 0;
		};
/* End PBXSourcesBuildPhase section */

/* Begin PBXVariantGroup section */
		781860121FDE963800429ECC /* Main.storyboard */ = {
			isa = PBXVariantGroup;
			children = (
				781860131FDE963800429ECC /* Base */,
			);
			name = Main.storyboard;
			sourceTree = "<group>";
		};
		781860171FDE963800429ECC /* LaunchScreen.storyboard */ = {
			isa = PBXVariantGroup;
			children = (
				781860181FDE963800429ECC /* Base */,
			);
			name = LaunchScreen.storyboard;
			sourceTree = "<group>";
		};
/* End PBXVariantGroup section */

/* Begin XCBuildConfiguration section */
		7818601B1FDE963800429ECC /* Debug */ = {
			isa = XCBuildConfiguration;
			buildSettings = {
				ALWAYS_SEARCH_USER_PATHS = NO;
				CLANG_ANALYZER_NONNULL = YES;
				CLANG_ANALYZER_NUMBER_OBJECT_CONVERSION = YES_AGGRESSIVE;
				CLANG_CXX_LANGUAGE_STANDARD = "gnu++14";
				CLANG_CXX_LIBRARY = "libc++";
				CLANG_ENABLE_MODULES = YES;
				CLANG_ENABLE_OBJC_ARC = YES;
				CLANG_WARN_BLOCK_CAPTURE_AUTORELEASING = YES;
				CLANG_WARN_BOOL_CONVERSION = YES;
				CLANG_WARN_COMMA = YES;
				CLANG_WARN_CONSTANT_CONVERSION = YES;
				CLANG_WARN_DIRECT_OBJC_ISA_USAGE = YES_ERROR;
				CLANG_WARN_DOCUMENTATION_COMMENTS = YES;
				CLANG_WARN_EMPTY_BODY = YES;
				CLANG_WARN_ENUM_CONVERSION = YES;
				CLANG_WARN_INFINITE_RECURSION = YES;
				CLANG_WARN_INT_CONVERSION = YES;
				CLANG_WARN_NON_LITERAL_NULL_CONVERSION = YES;
				CLANG_WARN_OBJC_LITERAL_CONVERSION = YES;
				CLANG_WARN_OBJC_ROOT_CLASS = YES_ERROR;
				CLANG_WARN_RANGE_LOOP_ANALYSIS = YES;
				CLANG_WARN_STRICT_PROTOTYPES = YES;
				CLANG_WARN_SUSPICIOUS_MOVE = YES;
				CLANG_WARN_UNGUARDED_AVAILABILITY = YES_AGGRESSIVE;
				CLANG_WARN_UNREACHABLE_CODE = YES;
				CLANG_WARN__DUPLICATE_METHOD_MATCH = YES;
				CODE_SIGN_IDENTITY = "iPhone Developer";
				COPY_PHASE_STRIP = NO;
				DEBUG_INFORMATION_FORMAT = dwarf;
				ENABLE_STRICT_OBJC_MSGSEND = YES;
				ENABLE_TESTABILITY = YES;
				GCC_C_LANGUAGE_STANDARD = gnu11;
				GCC_DYNAMIC_NO_PIC = NO;
				GCC_NO_COMMON_BLOCKS = YES;
				GCC_OPTIMIZATION_LEVEL = 0;
				GCC_PREPROCESSOR_DEFINITIONS = (
					"DEBUG=1",
					"$(inherited)",
				);
				GCC_WARN_64_TO_32_BIT_CONVERSION = YES;
				GCC_WARN_ABOUT_RETURN_TYPE = YES_ERROR;
				GCC_WARN_UNDECLARED_SELECTOR = YES;
				GCC_WARN_UNINITIALIZED_AUTOS = YES_AGGRESSIVE;
				GCC_WARN_UNUSED_FUNCTION = YES;
				GCC_WARN_UNUSED_VARIABLE = YES;
				IPHONEOS_DEPLOYMENT_TARGET = 11.2;
				MTL_ENABLE_DEBUG_INFO = YES;
				ONLY_ACTIVE_ARCH = YES;
				SDKROOT = iphoneos;
				SWIFT_ACTIVE_COMPILATION_CONDITIONS = DEBUG;
				SWIFT_OPTIMIZATION_LEVEL = "-Onone";
			};
			name = Debug;
		};
		7818601C1FDE963800429ECC /* Release */ = {
			isa = XCBuildConfiguration;
			buildSettings = {
				ALWAYS_SEARCH_USER_PATHS = NO;
				CLANG_ANALYZER_NONNULL = YES;
				CLANG_ANALYZER_NUMBER_OBJECT_CONVERSION = YES_AGGRESSIVE;
				CLANG_CXX_LANGUAGE_STANDARD = "gnu++14";
				CLANG_CXX_LIBRARY = "libc++";
				CLANG_ENABLE_MODULES = YES;
				CLANG_ENABLE_OBJC_ARC = YES;
				CLANG_WARN_BLOCK_CAPTURE_AUTORELEASING = YES;
				CLANG_WARN_BOOL_CONVERSION = YES;
				CLANG_WARN_COMMA = YES;
				CLANG_WARN_CONSTANT_CONVERSION = YES;
				CLANG_WARN_DIRECT_OBJC_ISA_USAGE = YES_ERROR;
				CLANG_WARN_DOCUMENTATION_COMMENTS = YES;
				CLANG_WARN_EMPTY_BODY = YES;
				CLANG_WARN_ENUM_CONVERSION = YES;
				CLANG_WARN_INFINITE_RECURSION = YES;
				CLANG_WARN_INT_CONVERSION = YES;
				CLANG_WARN_NON_LITERAL_NULL_CONVERSION = YES;
				CLANG_WARN_OBJC_LITERAL_CONVERSION = YES;
				CLANG_WARN_OBJC_ROOT_CLASS = YES_ERROR;
				CLANG_WARN_RANGE_LOOP_ANALYSIS = YES;
				CLANG_WARN_STRICT_PROTOTYPES = YES;
				CLANG_WARN_SUSPICIOUS_MOVE = YES;
				CLANG_WARN_UNGUARDED_AVAILABILITY = YES_AGGRESSIVE;
				CLANG_WARN_UNREACHABLE_CODE = YES;
				CLANG_WARN__DUPLICATE_METHOD_MATCH = YES;
				CODE_SIGN_IDENTITY = "iPhone Developer";
				COPY_PHASE_STRIP = NO;
				DEBUG_INFORMATION_FORMAT = "dwarf-with-dsym";
				ENABLE_NS_ASSERTIONS = NO;
				ENABLE_STRICT_OBJC_MSGSEND = YES;
				GCC_C_LANGUAGE_STANDARD = gnu11;
				GCC_NO_COMMON_BLOCKS = YES;
				GCC_WARN_64_TO_32_BIT_CONVERSION = YES;
				GCC_WARN_ABOUT_RETURN_TYPE = YES_ERROR;
				GCC_WARN_UNDECLARED_SELECTOR = YES;
				GCC_WARN_UNINITIALIZED_AUTOS = YES_AGGRESSIVE;
				GCC_WARN_UNUSED_FUNCTION = YES;
				GCC_WARN_UNUSED_VARIABLE = YES;
				IPHONEOS_DEPLOYMENT_TARGET = 11.2;
				MTL_ENABLE_DEBUG_INFO = NO;
				SDKROOT = iphoneos;
				SWIFT_OPTIMIZATION_LEVEL = "-Owholemodule";
				VALIDATE_PRODUCT = YES;
			};
			name = Release;
		};
		7818601E1FDE963800429ECC /* Debug */ = {
			isa = XCBuildConfiguration;
			buildSettings = {
				ASSETCATALOG_COMPILER_APPICON_NAME = AppIcon;
				CODE_SIGN_STYLE = Automatic;
				DEVELOPMENT_TEAM = P34Z878A5X;
				INFOPLIST_FILE = "vision-app/Info.plist";
				LD_RUNPATH_SEARCH_PATHS = "$(inherited) @executable_path/Frameworks";
				PRODUCT_BUNDLE_IDENTIFIER = "com.katrichapp.vision-app";
				PRODUCT_NAME = "$(TARGET_NAME)";
				SWIFT_VERSION = 4.0;
				TARGETED_DEVICE_FAMILY = "1,2";
			};
			name = Debug;
		};
		7818601F1FDE963800429ECC /* Release */ = {
			isa = XCBuildConfiguration;
			buildSettings = {
				ASSETCATALOG_COMPILER_APPICON_NAME = AppIcon;
				CODE_SIGN_STYLE = Automatic;
				DEVELOPMENT_TEAM = P34Z878A5X;
				INFOPLIST_FILE = "vision-app/Info.plist";
				LD_RUNPATH_SEARCH_PATHS = "$(inherited) @executable_path/Frameworks";
				PRODUCT_BUNDLE_IDENTIFIER = "com.katrichapp.vision-app";
				PRODUCT_NAME = "$(TARGET_NAME)";
				SWIFT_VERSION = 4.0;
				TARGETED_DEVICE_FAMILY = "1,2";
			};
			name = Release;
		};
/* End XCBuildConfiguration section */

/* Begin XCConfigurationList section */
		781860061FDE963800429ECC /* Build configuration list for PBXProject "vision-app" */ = {
			isa = XCConfigurationList;
			buildConfigurations = (
				7818601B1FDE963800429ECC /* Debug */,
				7818601C1FDE963800429ECC /* Release */,
			);
			defaultConfigurationIsVisible = 0;
			defaultConfigurationName = Release;
		};
		7818601D1FDE963800429ECC /* Build configuration list for PBXNativeTarget "vision-app" */ = {
			isa = XCConfigurationList;
			buildConfigurations = (
				7818601E1FDE963800429ECC /* Debug */,
				7818601F1FDE963800429ECC /* Release */,
			);
			defaultConfigurationIsVisible = 0;
			defaultConfigurationName = Release;
		};
/* End XCConfigurationList section */
	};
	rootObject = 781860031FDE963800429ECC /* Project object */;
}
